
Microsoft Visual Studio Solution File, Format Version 12.00
# Visual Studio Version 16
VisualStudioVersion = 16.0.29503.13
MinimumVisualStudioVersion = 10.0.40219.1
Project("{FAE04EC0-301F-11D3-BF4B-00C04F79EFBC}") = "ProjetoFacuS", "ProjetoFacuS.csproj", "{04506379-AFAB-4373-8F63-BD4D88E56103}"
EndProject
Global
	GlobalSection(SolutionConfigurationPlatforms) = preSolution
		Debug|Any CPU = Debug|Any CPU
		Release|Any CPU = Release|Any CPU
	EndGlobalSection
	GlobalSection(ProjectConfigurationPlatforms) = postSolution
		{04506379-AFAB-4373-8F63-BD4D88E56103}.Debug|Any CPU.ActiveCfg = Debug|Any CPU
		{04506379-AFAB-4373-8F63-BD4D88E56103}.Debug|Any CPU.Build.0 = Debug|Any CPU
		{04506379-AFAB-4373-8F63-BD4D88E56103}.Release|Any CPU.ActiveCfg = Release|Any CPU
		{04506379-AFAB-4373-8F63-BD4D88E56103}.Release|Any CPU.Build.0 = Release|Any CPU
	EndGlobalSection
	GlobalSection(SolutionProperties) = preSolution
		HideSolutionNode = FALSE
	EndGlobalSection
	GlobalSection(ExtensibilityGlobals) = postSolution
		SolutionGuid = {47438384-14AC-4ED4-A2F4-99BC5955DB33}
	EndGlobalSection
EndGlobal
